
Microsoft Visual Studio Solution File, Format Version 12.00
# Visual Studio 15
VisualStudioVersion = 15.0.28010.2026
MinimumVisualStudioVersion = 10.0.40219.1
Project("{FAE04EC0-301F-11D3-BF4B-00C04F79EFBC}") = "BookMyCar", "BookMyCar\BookMyCar.csproj", "{7834D111-F450-43E0-9E60-0F00AC040DA2}"
EndProject
Global
	GlobalSection(SolutionConfigurationPlatforms) = preSolution
		Debug|Any CPU = Debug|Any CPU
		Release|Any CPU = Release|Any CPU
	EndGlobalSection
	GlobalSection(ProjectConfigurationPlatforms) = postSolution
		{7834D111-F450-43E0-9E60-0F00AC040DA2}.Debug|Any CPU.ActiveCfg = Debug|Any CPU
		{7834D111-F450-43E0-9E60-0F00AC040DA2}.Debug|Any CPU.Build.0 = Debug|Any CPU
		{7834D111-F450-43E0-9E60-0F00AC040DA2}.Release|Any CPU.ActiveCfg = Release|Any CPU
		{7834D111-F450-43E0-9E60-0F00AC040DA2}.Release|Any CPU.Build.0 = Release|Any CPU
	EndGlobalSection
	GlobalSection(SolutionProperties) = preSolution
		HideSolutionNode = FALSE
	EndGlobalSection
	GlobalSection(ExtensibilityGlobals) = postSolution
		SolutionGuid = {01402AB5-9CD5-49D4-94B0-A10211814FDE}
	EndGlobalSection
EndGlobal
